
Microsoft Visual Studio Solution File, Format Version 12.00
# Visual Studio Version 16
VisualStudioVersion = 16.0.30011.22
MinimumVisualStudioVersion = 10.0.40219.1
Project("{FAE04EC0-301F-11D3-BF4B-00C04F79EFBC}") = "CentroMedico", "CentroMedico\CentroMedico.csproj", "{6C37B050-52E4-4380-8659-717CDA2A0BAC}"
EndProject
Global
	GlobalSection(SolutionConfigurationPlatforms) = preSolution
		Debug|Any CPU = Debug|Any CPU
		Release|Any CPU = Release|Any CPU
	EndGlobalSection
	GlobalSection(ProjectConfigurationPlatforms) = postSolution
		{6C37B050-52E4-4380-8659-717CDA2A0BAC}.Debug|Any CPU.ActiveCfg = Debug|Any CPU
		{6C37B050-52E4-4380-8659-717CDA2A0BAC}.Debug|Any CPU.Build.0 = Debug|Any CPU
		{6C37B050-52E4-4380-8659-717CDA2A0BAC}.Release|Any CPU.ActiveCfg = Release|Any CPU
		{6C37B050-52E4-4380-8659-717CDA2A0BAC}.Release|Any CPU.Build.0 = Release|Any CPU
	EndGlobalSection
	GlobalSection(SolutionProperties) = preSolution
		HideSolutionNode = FALSE
	EndGlobalSection
	GlobalSection(ExtensibilityGlobals) = postSolution
		SolutionGuid = {C3772B58-AA47-4047-AB42-C28CA99D1811}
	EndGlobalSection
EndGlobal
